
Microsoft Visual Studio Solution File, Format Version 12.00
# Visual Studio Version 17
VisualStudioVersion = 17.8.34330.188
MinimumVisualStudioVersion = 10.0.40219.1
Project("{FAE04EC0-301F-11D3-BF4B-00C04F79EFBC}") = "SwitchBoard", "SwitchBoard.csproj", "{6ABA0DD2-22F7-45EC-9334-05E549E24CE1}"
EndProject
Global
	GlobalSection(SolutionConfigurationPlatforms) = preSolution
		Debug|Any CPU = Debug|Any CPU
		Release|Any CPU = Release|Any CPU
	EndGlobalSection
	GlobalSection(ProjectConfigurationPlatforms) = postSolution
		{6ABA0DD2-22F7-45EC-9334-05E549E24CE1}.Debug|Any CPU.ActiveCfg = Debug|Any CPU
		{6ABA0DD2-22F7-45EC-9334-05E549E24CE1}.Debug|Any CPU.Build.0 = Debug|Any CPU
		{6ABA0DD2-22F7-45EC-9334-05E549E24CE1}.Release|Any CPU.ActiveCfg = Release|Any CPU
		{6ABA0DD2-22F7-45EC-9334-05E549E24CE1}.Release|Any CPU.Build.0 = Release|Any CPU
	EndGlobalSection
	GlobalSection(SolutionProperties) = preSolution
		HideSolutionNode = FALSE
	EndGlobalSection
	GlobalSection(ExtensibilityGlobals) = postSolution
		SolutionGuid = {BA7AB283-C012-459C-886B-FB86BB4B5792}
	EndGlobalSection
EndGlobal
